{
  "name": "bookstore",
  "lockfileVersion": 3,
  "requires": true,
  "packages": {
    "": {
      "dependencies": {
        "html-react-parser": "^5.2.2"
      }
    },
    "node_modules/dom-serializer": {
      "version": "2.0.0",
      "resolved": "https://registry.npmjs.org/dom-serializer/-/dom-serializer-2.0.0.tgz",
      "integrity": "sha512-wIkAryiqt/nV5EQKqQpo3SToSOV9J0DnbJqwK7Wv/Trc92zIAYZ4FlMu+JPFW1DfGFt81ZTCGgDEabffXeLyJg==",
      "license": "MIT",
      "dependencies": {
        "domelementtype": "^2.3.0",
        "domhandler": "^5.0.2",
        "entities": "^4.2.0"
      },
      "funding": {
        "url": "https://github.com/cheeriojs/dom-serializer?sponsor=1"
      }
    },
    "node_modules/dom-serializer/node_modules/entities": {
      "version": "4.5.0",
      "resolved": "https://registry.npmjs.org/entities/-/entities-4.5.0.tgz",
      "integrity": "sha512-V0hjH4dGPh9Ao5p0MoRY6BVqtwCjhz6vI5LT8AJ55H+4g9/4vbHx1I54fS0XuclLhDHArPQCiMjDxjaL8fPxhw==",
      "license": "BSD-2-Clause",
      "engines": {
        "node": ">=0.12"
      },
      "funding": {
        "url": "https://github.com/fb55/entities?sponsor=1"
      }
    },
    "node_modules/domelementtype": {
      "version": "2.3.0",
      "resolved": "https://registry.npmjs.org/domelementtype/-/domelementtype-2.3.0.tgz",
      "integrity": "sha512-OLETBj6w0OsagBwdXnPdN0cnMfF9opN69co+7ZrbfPGrdpPVNBUj02spi6B1N7wChLQiPn4CSH/zJvXw56gmHw==",
      "funding": [
        {
          "type": "github",
          "url": "https://github.com/sponsors/fb55"
        }
      ],
      "license": "BSD-2-Clause"
    },
    "node_modules/domhandler": {
      "version": "5.0.3",
      "resolved": "https://registry.npmjs.org/domhandler/-/domhandler-5.0.3.tgz",
      "integrity": "sha512-cgwlv/1iFQiFnU96XXgROh8xTeetsnJiDsTc7TYCLFd9+/WNkIqPTxiM/8pSd8VIrhXGTf1Ny1q1hquVqDJB5w==",
      "license": "BSD-2-Clause",
      "dependencies": {
        "domelementtype": "^2.3.0"
      },
      "engines": {
        "node": ">= 4"
      },
      "funding": {
        "url": "https://github.com/fb55/domhandler?sponsor=1"
      }
    },
    "node_modules/domutils": {
      "version": "3.2.2",
      "resolved": "https://registry.npmjs.org/domutils/-/domutils-3.2.2.tgz",
      "integrity": "sha512-6kZKyUajlDuqlHKVX1w7gyslj9MPIXzIFiz/rGu35uC1wMi+kMhQwGhl4lt9unC9Vb9INnY9Z3/ZA3+FhASLaw==",
      "license": "BSD-2-Clause",
      "dependencies": {
        "dom-serializer": "^2.0.0",
        "domelementtype": "^2.3.0",
        "domhandler": "^5.0.3"
      },
      "funding": {
        "url": "https://github.com/fb55/domutils?sponsor=1"
      }
    },
    "node_modules/entities": {
      "version": "6.0.0",
      "resolved": "https://registry.npmjs.org/entities/-/entities-6.0.0.tgz",
      "integrity": "sha512-aKstq2TDOndCn4diEyp9Uq/Flu2i1GlLkc6XIDQSDMuaFE3OPW5OphLCyQ5SpSJZTb4reN+kTcYru5yIfXoRPw==",
      "license": "BSD-2-Clause",
      "engines": {
        "node": ">=0.12"
      },
      "funding": {
        "url": "https://github.com/fb55/entities?sponsor=1"
      }
    },
    "node_modules/html-dom-parser": {
      "version": "5.0.13",
      "resolved": "https://registry.npmjs.org/html-dom-parser/-/html-dom-parser-5.0.13.tgz",
      "integrity": "sha512-B7JonBuAfG32I7fDouUQEogBrz3jK9gAuN1r1AaXpED6dIhtg/JwiSRhjGL7aOJwRz3HU4efowCjQBaoXiREqg==",
      "license": "MIT",
      "dependencies": {
        "domhandler": "5.0.3",
        "htmlparser2": "10.0.0"
      }
    },
    "node_modules/html-react-parser": {
      "version": "5.2.2",
      "resolved": "https://registry.npmjs.org/html-react-parser/-/html-react-parser-5.2.2.tgz",
      "integrity": "sha512-yA5012CJGSFWYZsgYzfr6HXJgDap38/AEP4ra8Cw+WHIi2ZRDXRX/QVYdumRf1P8zKyScKd6YOrWYvVEiPfGKg==",
      "license": "MIT",
      "dependencies": {
        "domhandler": "5.0.3",
        "html-dom-parser": "5.0.13",
        "react-property": "2.0.2",
        "style-to-js": "1.1.16"
      },
      "peerDependencies": {
        "@types/react": "0.14 || 15 || 16 || 17 || 18 || 19",
        "react": "0.14 || 15 || 16 || 17 || 18 || 19"
      },
      "peerDependenciesMeta": {
        "@types/react": {
          "optional": true
        }
      }
    },
    "node_modules/htmlparser2": {
      "version": "10.0.0",
      "resolved": "https://registry.npmjs.org/htmlparser2/-/htmlparser2-10.0.0.tgz",
      "integrity": "sha512-TwAZM+zE5Tq3lrEHvOlvwgj1XLWQCtaaibSN11Q+gGBAS7Y1uZSWwXXRe4iF6OXnaq1riyQAPFOBtYc77Mxq0g==",
      "funding": [
        "https://github.com/fb55/htmlparser2?sponsor=1",
        {
          "type": "github",
          "url": "https://github.com/sponsors/fb55"
        }
      ],
      "license": "MIT",
      "dependencies": {
        "domelementtype": "^2.3.0",
        "domhandler": "^5.0.3",
        "domutils": "^3.2.1",
        "entities": "^6.0.0"
      }
    },
    "node_modules/inline-style-parser": {
      "version": "0.2.4",
      "resolved": "https://registry.npmjs.org/inline-style-parser/-/inline-style-parser-0.2.4.tgz",
      "integrity": "sha512-0aO8FkhNZlj/ZIbNi7Lxxr12obT7cL1moPfE4tg1LkX7LlLfC6DeX4l2ZEud1ukP9jNQyNnfzQVqwbwmAATY4Q==",
      "license": "MIT"
    },
    "node_modules/react": {
      "version": "19.0.0",
      "resolved": "https://registry.npmjs.org/react/-/react-19.0.0.tgz",
      "integrity": "sha512-V8AVnmPIICiWpGfm6GLzCR/W5FXLchHop40W4nXBmdlEceh16rCN8O8LNWm5bh5XUX91fh7KpA+W0TgMKmgTpQ==",
      "license": "MIT",
      "peer": true,
      "engines": {
        "node": ">=0.10.0"
      }
    },
    "node_modules/react-property": {
      "version": "2.0.2",
      "resolved": "https://registry.npmjs.org/react-property/-/react-property-2.0.2.tgz",
      "integrity": "sha512-+PbtI3VuDV0l6CleQMsx2gtK0JZbZKbpdu5ynr+lbsuvtmgbNcS3VM0tuY2QjFNOcWxvXeHjDpy42RO+4U2rug==",
      "license": "MIT"
    },
    "node_modules/style-to-js": {
      "version": "1.1.16",
      "resolved": "https://registry.npmjs.org/style-to-js/-/style-to-js-1.1.16.tgz",
      "integrity": "sha512-/Q6ld50hKYPH3d/r6nr117TZkHR0w0kGGIVfpG9N6D8NymRPM9RqCUv4pRpJ62E5DqOYx2AFpbZMyCPnjQCnOw==",
      "license": "MIT",
      "dependencies": {
        "style-to-object": "1.0.8"
      }
    },
    "node_modules/style-to-object": {
      "version": "1.0.8",
      "resolved": "https://registry.npmjs.org/style-to-object/-/style-to-object-1.0.8.tgz",
      "integrity": "sha512-xT47I/Eo0rwJmaXC4oilDGDWLohVhR6o/xAQcPQN8q6QBuZVL8qMYL85kLmST5cPjAorwvqIA4qXTRQoYHaL6g==",
      "license": "MIT",
      "dependencies": {
        "inline-style-parser": "0.2.4"
      }
    }
  }
}
